{
  "originHash" : "7da310081d69d30a7ab08743d20e135a898169f08e50366813dbcde706c0bfcb",
  "pins" : [
    {
      "identity" : "yolo-ios-app",
      "kind" : "remoteSourceControl",
      "location" : "https://github.com/ultralytics/yolo-ios-app.git",
      "state" : {
        "branch" : "main",
        "revision" : "44be0403492813a914252c5c5d2ae69f08e16aa3"
      }
    }
  ],
  "version" : 3
}
